
Microsoft Visual Studio Solution File, Format Version 12.00
# Visual Studio Version 16
VisualStudioVersion = 16.0.30128.74
MinimumVisualStudioVersion = 10.0.40219.1
Project("{8BC9CEB8-8B4A-11D0-8D11-00A0C91BC942}") = "TASK_3", "TASK_3\TASK_3.vcxproj", "{951BC317-98D0-433F-B16A-2725925265A6}"
EndProject
Global
	GlobalSection(SolutionConfigurationPlatforms) = preSolution
		Debug|ARM = Debug|ARM
		Debug|ARM64 = Debug|ARM64
		Release|ARM = Release|ARM
		Release|ARM64 = Release|ARM64
	EndGlobalSection
	GlobalSection(ProjectConfigurationPlatforms) = postSolution
		{951BC317-98D0-433F-B16A-2725925265A6}.Debug|ARM.ActiveCfg = Debug|ARM
		{951BC317-98D0-433F-B16A-2725925265A6}.Debug|ARM.Build.0 = Debug|ARM
		{951BC317-98D0-433F-B16A-2725925265A6}.Debug|ARM.Deploy.0 = Debug|ARM
		{951BC317-98D0-433F-B16A-2725925265A6}.Debug|ARM64.ActiveCfg = Debug|ARM64
		{951BC317-98D0-433F-B16A-2725925265A6}.Debug|ARM64.Build.0 = Debug|ARM64
		{951BC317-98D0-433F-B16A-2725925265A6}.Debug|ARM64.Deploy.0 = Debug|ARM64
		{951BC317-98D0-433F-B16A-2725925265A6}.Release|ARM.ActiveCfg = Release|ARM
		{951BC317-98D0-433F-B16A-2725925265A6}.Release|ARM.Build.0 = Release|ARM
		{951BC317-98D0-433F-B16A-2725925265A6}.Release|ARM.Deploy.0 = Release|ARM
		{951BC317-98D0-433F-B16A-2725925265A6}.Release|ARM64.ActiveCfg = Release|ARM64
		{951BC317-98D0-433F-B16A-2725925265A6}.Release|ARM64.Build.0 = Release|ARM64
		{951BC317-98D0-433F-B16A-2725925265A6}.Release|ARM64.Deploy.0 = Release|ARM64
	EndGlobalSection
	GlobalSection(SolutionProperties) = preSolution
		HideSolutionNode = FALSE
	EndGlobalSection
	GlobalSection(ExtensibilityGlobals) = postSolution
		SolutionGuid = {19047EC5-EAC7-4D78-8288-C20B8CD403A9}
	EndGlobalSection
EndGlobal
